# This file is generated by running "yarn install" inside your project.
# Manual changes might be lost - proceed with caution!

__metadata:
  version: 10
  cacheKey: 10c0

"@saju/api@workspace:apps/api":
  version: 0.0.0-use.local
  resolution: "@saju/api@workspace:apps/api"
  dependencies:
    "@saju/core": "workspace:*"
  languageName: unknown
  linkType: soft

"@saju/core@workspace:*, @saju/core@workspace:packages/core":
  version: 0.0.0-use.local
  resolution: "@saju/core@workspace:packages/core"
  languageName: unknown
  linkType: soft

"@saju/web@workspace:apps/web":
  version: 0.0.0-use.local
  resolution: "@saju/web@workspace:apps/web"
  dependencies:
    "@saju/core": "workspace:*"
  languageName: unknown
  linkType: soft

"saju-app@workspace:.":
  version: 0.0.0-use.local
  resolution: "saju-app@workspace:."
  languageName: unknown
  linkType: soft
